PODS:
  - CocoaLumberjack (2.0.0-beta4):
    - CocoaLumberjack/Default
    - CocoaLumberjack/Extensions
  - CocoaLumberjack/Core (2.0.0-beta4)
  - CocoaLumberjack/Default (2.0.0-beta4):
    - CocoaLumberjack/Core
  - CocoaLumberjack/Extensions (2.0.0-beta4):
    - CocoaLumberjack/Default
  - NBULog (1.2.2):
    - CocoaLumberjack (>= 2.0.0-beta4)

DEPENDENCIES:
  - NBULog (from `../../`)

EXTERNAL SOURCES:
  NBULog:
    :path: ../../

SPEC CHECKSUMS:
  CocoaLumberjack: 24153b24b17d853d7182b22b128971fb98e8cb18
  NBULog: bf17b794a2b93703e8ac376622e4658e81f2937a

COCOAPODS: 0.34.4
