PODS:
  - CocoaLumberjack (2.0.0-beta3):
    - CocoaLumberjack/Default
    - CocoaLumberjack/Extensions
  - CocoaLumberjack/Core (2.0.0-beta3)
  - CocoaLumberjack/Default (2.0.0-beta3):
    - CocoaLumberjack/Core
  - CocoaLumberjack/Extensions (2.0.0-beta3):
    - CocoaLumberjack/Default
  - NBULog (1.2.0):
    - CocoaLumberjack (>= 2.0.0-beta)

DEPENDENCIES:
  - NBULog (from `../`)

EXTERNAL SOURCES:
  NBULog:
    :path: ../

SPEC CHECKSUMS:
  CocoaLumberjack: 55c22a2b8bde7a29c568ab4015b5874216524d70
  NBULog: 3f9d216407d2a378d6cdaa83694a6fb4d8161740

COCOAPODS: 0.34.4
