PODS:
  - CocoaLumberjack (1.8.1):
    - CocoaLumberjack/Extensions
  - CocoaLumberjack/Core (1.8.1)
  - CocoaLumberjack/Extensions (1.8.1):
    - CocoaLumberjack/Core
  - LumberjackConsole (2.0.1):
    - CocoaLumberjack (>= 1.6.4)
    - NBUCore (>= 2.0.2)
  - NBUCore (2.0.2)
  - NBULog (1.0.7):
    - CocoaLumberjack (>= 1.6.5)
    - NBUCore (>= 2.0.2)

DEPENDENCIES:
  - LumberjackConsole
  - NBULog (from `../`)

EXTERNAL SOURCES:
  NBULog:
    :path: ../

SPEC CHECKSUMS:
  CocoaLumberjack: 020378ec400d658923bf5887178394f65f052c90
  LumberjackConsole: c4dfd11a4d4ffabbf227cc6b383db3c96dabce4e
  NBUCore: 85601dd90960d52151d19ae2a42765e0416c4dd8
  NBULog: e9e91e2bb6cc486c7888c25ec323b62dff0817da

COCOAPODS: 0.32.1
