PODS:
  - CocoaLumberjack (2.0.0):
    - CocoaLumberjack/Default (= 2.0.0)
    - CocoaLumberjack/Extensions (= 2.0.0)
  - CocoaLumberjack/Core (2.0.0)
  - CocoaLumberjack/Default (2.0.0):
    - CocoaLumberjack/Core
  - CocoaLumberjack/Extensions (2.0.0):
    - CocoaLumberjack/Default
  - LumberjackConsole (2.4.3):
    - CocoaLumberjack (>= 2.0.0)
    - NBUCore (>= 2.0.3)
  - NBUCore (2.0.4)
  - NBULog (1.2.4):
    - CocoaLumberjack (>= 2.0.0)

DEPENDENCIES:
  - LumberjackConsole
  - NBULog (from `../../`)

EXTERNAL SOURCES:
  NBULog:
    :path: ../../

SPEC CHECKSUMS:
  CocoaLumberjack: fd2b1031c6c4e0f08b5ea928ef677fa0a5de517d
  LumberjackConsole: ead0ca86321c55221b70c41a5e07255d5043dfa3
  NBUCore: 978f24fdc8d79dc8141032bf0121053e3b25c95c
  NBULog: 4003be6706b97a7e376ab4171c666ac7c2fbc2b2

COCOAPODS: 0.36.0
