PODS:
  - CocoaLumberjack (3.4.2):
    - CocoaLumberjack/Default (= 3.4.2)
    - CocoaLumberjack/Extensions (= 3.4.2)
  - CocoaLumberjack/Default (3.4.2)
  - CocoaLumberjack/Extensions (3.4.2):
    - CocoaLumberjack/Default
  - LumberjackConsole (3.3.1):
    - CocoaLumberjack (>= 3.x)
    - NBUCore (>= 2.1.0)
  - NBUCore (2.1.0)
  - NBULog/Base (2.5.0):
    - CocoaLumberjack (>= 3.x)
  - NBULog/Console (2.5.0):
    - CocoaLumberjack (>= 3.x)
    - LumberjackConsole (>= 3.x)
    - NBULog/Base

DEPENDENCIES:
  - NBULog/Console (from `../../`)

SPEC REPOS:
  https://github.com/cocoapods/specs.git:
    - CocoaLumberjack
    - LumberjackConsole
    - NBUCore

EXTERNAL SOURCES:
  NBULog:
    :path: "../../"

SPEC CHECKSUMS:
  CocoaLumberjack: db7cc9e464771f12054c22ff6947c5a58d43a0fd
  LumberjackConsole: c5fcf48e08da5313d060225901737496cf9140ca
  NBUCore: 201af50441f48513ef6d5823a5fc12c9e1f288cd
  NBULog: a05b2bdf487b4055680ad9d5be10ce7aa6fa7c31

PODFILE CHECKSUM: 7349fd17ce566cb64ad8518bc09aa8a0d2808cea

COCOAPODS: 1.5.3
